
Microsoft Visual Studio Solution File, Format Version 12.00
# Visual Studio Version 17
VisualStudioVersion = 17.6.33829.357
MinimumVisualStudioVersion = 10.0.40219.1
Project("{8BC9CEB8-8B4A-11D0-8D11-00A0C91BC942}") = "chapter3", "chapter3\chapter3.vcxproj", "{D5B6654E-83B0-41D5-BE88-874513A11D1A}"
EndProject
Project("{8BC9CEB8-8B4A-11D0-8D11-00A0C91BC942}") = "chapter4", "chapter4\chapter4.vcxproj", "{6E5255AC-7AEA-4358-B898-DE83AE6C1EBC}"
EndProject
Project("{8BC9CEB8-8B4A-11D0-8D11-00A0C91BC942}") = "chapter5", "chapter5\chapter5.vcxproj", "{A89FA5EF-9B2B-488C-A746-831572AEAC29}"
EndProject
Project("{8BC9CEB8-8B4A-11D0-8D11-00A0C91BC942}") = "chapter7", "chapter7\chapter7.vcxproj", "{217751AF-DF0F-4449-8C5D-967148D1E663}"
EndProject
Project("{8BC9CEB8-8B4A-11D0-8D11-00A0C91BC942}") = "chapter8", "chapter8\chapter8.vcxproj", "{B6DBD8C0-C603-4E60-8621-B83F9CFA1D6B}"
EndProject
Project("{8BC9CEB8-8B4A-11D0-8D11-00A0C91BC942}") = "chapter9", "chapter9\chapter9.vcxproj", "{C64D1D03-955A-401C-AD02-D40E4E6C8B27}"
EndProject
Global
	GlobalSection(SolutionConfigurationPlatforms) = preSolution
		Debug|x64 = Debug|x64
		Debug|x86 = Debug|x86
		Release|x64 = Release|x64
		Release|x86 = Release|x86
	EndGlobalSection
	GlobalSection(ProjectConfigurationPlatforms) = postSolution
		{D5B6654E-83B0-41D5-BE88-874513A11D1A}.Debug|x64.ActiveCfg = Debug|x64
		{D5B6654E-83B0-41D5-BE88-874513A11D1A}.Debug|x64.Build.0 = Debug|x64
		{D5B6654E-83B0-41D5-BE88-874513A11D1A}.Debug|x86.ActiveCfg = Debug|Win32
		{D5B6654E-83B0-41D5-BE88-874513A11D1A}.Debug|x86.Build.0 = Debug|Win32
		{D5B6654E-83B0-41D5-BE88-874513A11D1A}.Release|x64.ActiveCfg = Release|x64
		{D5B6654E-83B0-41D5-BE88-874513A11D1A}.Release|x64.Build.0 = Release|x64
		{D5B6654E-83B0-41D5-BE88-874513A11D1A}.Release|x86.ActiveCfg = Release|Win32
		{D5B6654E-83B0-41D5-BE88-874513A11D1A}.Release|x86.Build.0 = Release|Win32
		{6E5255AC-7AEA-4358-B898-DE83AE6C1EBC}.Debug|x64.ActiveCfg = Debug|x64
		{6E5255AC-7AEA-4358-B898-DE83AE6C1EBC}.Debug|x64.Build.0 = Debug|x64
		{6E5255AC-7AEA-4358-B898-DE83AE6C1EBC}.Debug|x86.ActiveCfg = Debug|Win32
		{6E5255AC-7AEA-4358-B898-DE83AE6C1EBC}.Debug|x86.Build.0 = Debug|Win32
		{6E5255AC-7AEA-4358-B898-DE83AE6C1EBC}.Release|x64.ActiveCfg = Release|x64
		{6E5255AC-7AEA-4358-B898-DE83AE6C1EBC}.Release|x64.Build.0 = Release|x64
		{6E5255AC-7AEA-4358-B898-DE83AE6C1EBC}.Release|x86.ActiveCfg = Release|Win32
		{6E5255AC-7AEA-4358-B898-DE83AE6C1EBC}.Release|x86.Build.0 = Release|Win32
		{A89FA5EF-9B2B-488C-A746-831572AEAC29}.Debug|x64.ActiveCfg = Debug|x64
		{A89FA5EF-9B2B-488C-A746-831572AEAC29}.Debug|x64.Build.0 = Debug|x64
		{A89FA5EF-9B2B-488C-A746-831572AEAC29}.Debug|x86.ActiveCfg = Debug|Win32
		{A89FA5EF-9B2B-488C-A746-831572AEAC29}.Debug|x86.Build.0 = Debug|Win32
		{A89FA5EF-9B2B-488C-A746-831572AEAC29}.Release|x64.ActiveCfg = Release|x64
		{A89FA5EF-9B2B-488C-A746-831572AEAC29}.Release|x64.Build.0 = Release|x64
		{A89FA5EF-9B2B-488C-A746-831572AEAC29}.Release|x86.ActiveCfg = Release|Win32
		{A89FA5EF-9B2B-488C-A746-831572AEAC29}.Release|x86.Build.0 = Release|Win32
		{217751AF-DF0F-4449-8C5D-967148D1E663}.Debug|x64.ActiveCfg = Debug|x64
		{217751AF-DF0F-4449-8C5D-967148D1E663}.Debug|x64.Build.0 = Debug|x64
		{217751AF-DF0F-4449-8C5D-967148D1E663}.Debug|x86.ActiveCfg = Debug|Win32
		{217751AF-DF0F-4449-8C5D-967148D1E663}.Debug|x86.Build.0 = Debug|Win32
		{217751AF-DF0F-4449-8C5D-967148D1E663}.Release|x64.ActiveCfg = Release|x64
		{217751AF-DF0F-4449-8C5D-967148D1E663}.Release|x64.Build.0 = Release|x64
		{217751AF-DF0F-4449-8C5D-967148D1E663}.Release|x86.ActiveCfg = Release|Win32
		{217751AF-DF0F-4449-8C5D-967148D1E663}.Release|x86.Build.0 = Release|Win32
		{B6DBD8C0-C603-4E60-8621-B83F9CFA1D6B}.Debug|x64.ActiveCfg = Debug|x64
		{B6DBD8C0-C603-4E60-8621-B83F9CFA1D6B}.Debug|x64.Build.0 = Debug|x64
		{B6DBD8C0-C603-4E60-8621-B83F9CFA1D6B}.Debug|x86.ActiveCfg = Debug|Win32
		{B6DBD8C0-C603-4E60-8621-B83F9CFA1D6B}.Debug|x86.Build.0 = Debug|Win32
		{B6DBD8C0-C603-4E60-8621-B83F9CFA1D6B}.Release|x64.ActiveCfg = Release|x64
		{B6DBD8C0-C603-4E60-8621-B83F9CFA1D6B}.Release|x64.Build.0 = Release|x64
		{B6DBD8C0-C603-4E60-8621-B83F9CFA1D6B}.Release|x86.ActiveCfg = Release|Win32
		{B6DBD8C0-C603-4E60-8621-B83F9CFA1D6B}.Release|x86.Build.0 = Release|Win32
		{C64D1D03-955A-401C-AD02-D40E4E6C8B27}.Debug|x64.ActiveCfg = Debug|x64
		{C64D1D03-955A-401C-AD02-D40E4E6C8B27}.Debug|x64.Build.0 = Debug|x64
		{C64D1D03-955A-401C-AD02-D40E4E6C8B27}.Debug|x86.ActiveCfg = Debug|Win32
		{C64D1D03-955A-401C-AD02-D40E4E6C8B27}.Debug|x86.Build.0 = Debug|Win32
		{C64D1D03-955A-401C-AD02-D40E4E6C8B27}.Release|x64.ActiveCfg = Release|x64
		{C64D1D03-955A-401C-AD02-D40E4E6C8B27}.Release|x64.Build.0 = Release|x64
		{C64D1D03-955A-401C-AD02-D40E4E6C8B27}.Release|x86.ActiveCfg = Release|Win32
		{C64D1D03-955A-401C-AD02-D40E4E6C8B27}.Release|x86.Build.0 = Release|Win32
	EndGlobalSection
	GlobalSection(SolutionProperties) = preSolution
		HideSolutionNode = FALSE
	EndGlobalSection
	GlobalSection(ExtensibilityGlobals) = postSolution
		SolutionGuid = {F03E5D0E-1D8E-4AFA-A7C4-E074EC0259E8}
	EndGlobalSection
EndGlobal
